
Microsoft Visual Studio Solution File, Format Version 12.00
# Visual Studio Version 17
VisualStudioVersion = 17.3.32819.101
MinimumVisualStudioVersion = 10.0.40219.1
Project("{FAE04EC0-301F-11D3-BF4B-00C04F79EFBC}") = "GrowthofaPopulation", "GrowthofaPopulation\GrowthofaPopulation.csproj", "{E746C36A-8A50-4C0F-B10B-7E35DB697484}"
EndProject
Global
	GlobalSection(SolutionConfigurationPlatforms) = preSolution
		Debug|Any CPU = Debug|Any CPU
		Release|Any CPU = Release|Any CPU
	EndGlobalSection
	GlobalSection(ProjectConfigurationPlatforms) = postSolution
		{E746C36A-8A50-4C0F-B10B-7E35DB697484}.Debug|Any CPU.ActiveCfg = Debug|Any CPU
		{E746C36A-8A50-4C0F-B10B-7E35DB697484}.Debug|Any CPU.Build.0 = Debug|Any CPU
		{E746C36A-8A50-4C0F-B10B-7E35DB697484}.Release|Any CPU.ActiveCfg = Release|Any CPU
		{E746C36A-8A50-4C0F-B10B-7E35DB697484}.Release|Any CPU.Build.0 = Release|Any CPU
	EndGlobalSection
	GlobalSection(SolutionProperties) = preSolution
		HideSolutionNode = FALSE
	EndGlobalSection
	GlobalSection(ExtensibilityGlobals) = postSolution
		SolutionGuid = {38C29E91-65F5-4A73-81C4-63EA7F06BE7F}
	EndGlobalSection
EndGlobal
